
Microsoft Visual Studio Solution File, Format Version 12.00
# Visual Studio Version 16
VisualStudioVersion = 16.0.29905.134
MinimumVisualStudioVersion = 10.0.40219.1
Project("{FAE04EC0-301F-11D3-BF4B-00C04F79EFBC}") = "Projekt1_Wyszukiwanie", "Projekt1_Wyszukiwanie\Projekt1_Wyszukiwanie.csproj", "{6833868A-E2CA-4CF3-A110-A4A4C4621E0E}"
EndProject
Global
	GlobalSection(SolutionConfigurationPlatforms) = preSolution
		Debug|Any CPU = Debug|Any CPU
		Release|Any CPU = Release|Any CPU
	EndGlobalSection
	GlobalSection(ProjectConfigurationPlatforms) = postSolution
		{6833868A-E2CA-4CF3-A110-A4A4C4621E0E}.Debug|Any CPU.ActiveCfg = Debug|Any CPU
		{6833868A-E2CA-4CF3-A110-A4A4C4621E0E}.Debug|Any CPU.Build.0 = Debug|Any CPU
		{6833868A-E2CA-4CF3-A110-A4A4C4621E0E}.Release|Any CPU.ActiveCfg = Release|Any CPU
		{6833868A-E2CA-4CF3-A110-A4A4C4621E0E}.Release|Any CPU.Build.0 = Release|Any CPU
	EndGlobalSection
	GlobalSection(SolutionProperties) = preSolution
		HideSolutionNode = FALSE
	EndGlobalSection
	GlobalSection(ExtensibilityGlobals) = postSolution
		SolutionGuid = {C95B246F-C1D4-4863-9AF3-B8C82BAC4BE8}
	EndGlobalSection
EndGlobal
